// !$*UTF8*$!
{
	archiveVersion = 1;
	classes = {
	};
	objectVersion = 77;
	objects = {

/* Begin PBXContainerItemProxy section */
		5C63E0852E5C0ADE003E81DE /* PBXContainerItemProxy */ = {
			isa = PBXContainerItemProxy;
			containerPortal = 5C63E06C2E5C0ADC003E81DE /* Project object */;
			proxyType = 1;
			remoteGlobalIDString = 5C63E0732E5C0ADC003E81DE;
			remoteInfo = liuyao;
		};
		5C63E08F2E5C0ADE003E81DE /* PBXContainerItemProxy */ = {
			isa = PBXContainerItemProxy;
			containerPortal = 5C63E06C2E5C0ADC003E81DE /* Project object */;
			proxyType = 1;
			remoteGlobalIDString = 5C63E0732E5C0ADC003E81DE;
			remoteInfo = liuyao;
		};
/* End PBXContainerItemProxy section */

/* Begin PBXFileReference section */
		5C63E0742E5C0ADC003E81DE /* LifeCoach.app */ = {isa = PBXFileReference; explicitFileType = wrapper.application; includeInIndex = 0; path = LifeCoach.app; sourceTree = BUILT_PRODUCTS_DIR; };
		5C63E0842E5C0ADE003E81DE /* LifeCoachTests.xctest */ = {isa = PBXFileReference; explicitFileType = wrapper.cfbundle; includeInIndex = 0; path = LifeCoachTests.xctest; sourceTree = BUILT_PRODUCTS_DIR; };
		5C63E08E2E5C0ADE003E81DE /* LifeCoachUITests.xctest */ = {isa = PBXFileReference; explicitFileType = wrapper.cfbundle; includeInIndex = 0; path = LifeCoachUITests.xctest; sourceTree = BUILT_PRODUCTS_DIR; };
/* End PBXFileReference section */

/* Begin PBXFileSystemSynchronizedRootGroup section */
		5C63E0762E5C0ADC003E81DE /* liuyao */ = {
			isa = PBXFileSystemSynchronizedRootGroup;
			path = liuyao;
			sourceTree = "<group>";
		};
		5C63E0872E5C0ADE003E81DE /* liuyaoTests */ = {
			isa = PBXFileSystemSynchronizedRootGroup;
			path = liuyaoTests;
			sourceTree = "<group>";
		};
		5C63E0912E5C0ADE003E81DE /* liuyaoUITests */ = {
			isa = PBXFileSystemSynchronizedRootGroup;
			path = liuyaoUITests;
			sourceTree = "<group>";
		};
/* End PBXFileSystemSynchronizedRootGroup section */

/* Begin PBXFrameworksBuildPhase section */
		5C63E0712E5C0ADC003E81DE /* Frameworks */ = {
			isa = PBXFrameworksBuildPhase;
			buildActionMask = 2147483647;
			files = (
			);
			runOnlyForDeploymentPostprocessing = 0;
		};
		5C63E0812E5C0ADE003E81DE /* Frameworks */ = {
			isa = PBXFrameworksBuildPhase;
			buildActionMask = 2147483647;
			files = (
			);
			runOnlyForDeploymentPostprocessing = 0;
		};
		5C63E08B2E5C0ADE003E81DE /* Frameworks */ = {
			isa = PBXFrameworksBuildPhase;
			buildActionMask = 2147483647;
			files = (
			);
			runOnlyForDeploymentPostprocessing = 0;
		};
/* End PBXFrameworksBuildPhase section */

/* Begin PBXGroup section */
		5C63E06B2E5C0ADC003E81DE = {
			isa = PBXGroup;
			children = (
				5C63E0762E5C0ADC003E81DE /* liuyao */,
				5C63E0872E5C0ADE003E81DE /* liuyaoTests */,
				5C63E0912E5C0ADE003E81DE /* liuyaoUITests */,
				5C63E0752E5C0ADC003E81DE /* Products */,
			);
			sourceTree = "<group>";
		};
		5C63E0752E5C0ADC003E81DE /* Products */ = {
			isa = PBXGroup;
			children = (
				5C63E0742E5C0ADC003E81DE /* LifeCoach.app */,
				5C63E0842E5C0ADE003E81DE /* LifeCoachTests.xctest */,
				5C63E08E2E5C0ADE003E81DE /* LifeCoachUITests.xctest */,
			);
			name = Products;
			sourceTree = "<group>";
		};
/* End PBXGroup section */

/* Begin PBXNativeTarget section */
		5C63E0732E5C0ADC003E81DE /* LifeCoach */ = {
			isa = PBXNativeTarget;
			buildConfigurationList = 5C63E0982E5C0ADE003E81DE /* Build configuration list for PBXNativeTarget "LifeCoach" */;
			buildPhases = (
				5C63E0702E5C0ADC003E81DE /* Sources */,
				5C63E0712E5C0ADC003E81DE /* Frameworks */,
				5C63E0722E5C0ADC003E81DE /* Resources */,
			);
			buildRules = (
			);
			dependencies = (
			);
			fileSystemSynchronizedGroups = (
				5C63E0762E5C0ADC003E81DE /* liuyao */,
			);
			name = LifeCoach;
			packageProductDependencies = (
			);
			productName = liuyao;
			productReference = 5C63E0742E5C0ADC003E81DE /* LifeCoach.app */;
			productType = "com.apple.product-type.application";
		};
		5C63E0832E5C0ADE003E81DE /* LifeCoachTests */ = {
			isa = PBXNativeTarget;
			buildConfigurationList = 5C63E09B2E5C0ADE003E81DE /* Build configuration list for PBXNativeTarget "LifeCoachTests" */;
			buildPhases = (
				5C63E0802E5C0ADE003E81DE /* Sources */,
				5C63E0812E5C0ADE003E81DE /* Frameworks */,
				5C63E0822E5C0ADE003E81DE /* Resources */,
			);
			buildRules = (
			);
			dependencies = (
				5C63E0862E5C0ADE003E81DE /* PBXTargetDependency */,
			);
			fileSystemSynchronizedGroups = (
				5C63E0872E5C0ADE003E81DE /* liuyaoTests */,
			);
			name = LifeCoachTests;
			packageProductDependencies = (
			);
			productName = liuyaoTests;
			productReference = 5C63E0842E5C0ADE003E81DE /* LifeCoachTests.xctest */;
			productType = "com.apple.product-type.bundle.unit-test";
		};
		5C63E08D2E5C0ADE003E81DE /* LifeCoachUITests */ = {
			isa = PBXNativeTarget;
			buildConfigurationList = 5C63E09E2E5C0ADE003E81DE /* Build configuration list for PBXNativeTarget "LifeCoachUITests" */;
			buildPhases = (
				5C63E08A2E5C0ADE003E81DE /* Sources */,
				5C63E08B2E5C0ADE003E81DE /* Frameworks */,
				5C63E08C2E5C0ADE003E81DE /* Resources */,
			);
			buildRules = (
			);
			dependencies = (
				5C63E0902E5C0ADE003E81DE /* PBXTargetDependency */,
			);
			fileSystemSynchronizedGroups = (
				5C63E0912E5C0ADE003E81DE /* liuyaoUITests */,
			);
			name = LifeCoachUITests;
			packageProductDependencies = (
			);
			productName = liuyaoUITests;
			productReference = 5C63E08E2E5C0ADE003E81DE /* LifeCoachUITests.xctest */;
			productType = "com.apple.product-type.bundle.ui-testing";
		};
/* End PBXNativeTarget section */

/* Begin PBXProject section */
		5C63E06C2E5C0ADC003E81DE /* Project object */ = {
			isa = PBXProject;
			attributes = {
				BuildIndependentTargetsInParallel = 1;
				LastSwiftUpdateCheck = 1620;
				LastUpgradeCheck = 1620;
				TargetAttributes = {
					5C63E0732E5C0ADC003E81DE = {
						CreatedOnToolsVersion = 16.2;
					};
					5C63E0832E5C0ADE003E81DE = {
						CreatedOnToolsVersion = 16.2;
						TestTargetID = 5C63E0732E5C0ADC003E81DE;
					};
					5C63E08D2E5C0ADE003E81DE = {
						CreatedOnToolsVersion = 16.2;
						TestTargetID = 5C63E0732E5C0ADC003E81DE;
					};
				};
			};
			buildConfigurationList = 5C63E06F2E5C0ADC003E81DE /* Build configuration list for PBXProject "人生教练" */;
			developmentRegion = en;
			hasScannedForEncodings = 0;
			knownRegions = (
				en,
				Base,
			);
			mainGroup = 5C63E06B2E5C0ADC003E81DE;
			minimizedProjectReferenceProxies = 1;
			preferredProjectObjectVersion = 77;
			productRefGroup = 5C63E0752E5C0ADC003E81DE /* Products */;
			projectDirPath = "";
			projectRoot = "";
			targets = (
				5C63E0732E5C0ADC003E81DE /* LifeCoach */,
				5C63E0832E5C0ADE003E81DE /* LifeCoachTests */,
				5C63E08D2E5C0ADE003E81DE /* LifeCoachUITests */,
			);
		};
/* End PBXProject section */

/* Begin PBXResourcesBuildPhase section */
		5C63E0722E5C0ADC003E81DE /* Resources */ = {
			isa = PBXResourcesBuildPhase;
			buildActionMask = 2147483647;
			files = (
			);
			runOnlyForDeploymentPostprocessing = 0;
		};
		5C63E0822E5C0ADE003E81DE /* Resources */ = {
			isa = PBXResourcesBuildPhase;
			buildActionMask = 2147483647;
			files = (
			);
			runOnlyForDeploymentPostprocessing = 0;
		};
		5C63E08C2E5C0ADE003E81DE /* Resources */ = {
			isa = PBXResourcesBuildPhase;
			buildActionMask = 2147483647;
			files = (
			);
			runOnlyForDeploymentPostprocessing = 0;
		};
/* End PBXResourcesBuildPhase section */

/* Begin PBXSourcesBuildPhase section */
		5C63E0702E5C0ADC003E81DE /* Sources */ = {
			isa = PBXSourcesBuildPhase;
			buildActionMask = 2147483647;
			files = (
			);
			runOnlyForDeploymentPostprocessing = 0;
		};
		5C63E0802E5C0ADE003E81DE /* Sources */ = {
			isa = PBXSourcesBuildPhase;
			buildActionMask = 2147483647;
			files = (
			);
			runOnlyForDeploymentPostprocessing = 0;
		};
		5C63E08A2E5C0ADE003E81DE /* Sources */ = {
			isa = PBXSourcesBuildPhase;
			buildActionMask = 2147483647;
			files = (
			);
			runOnlyForDeploymentPostprocessing = 0;
		};
/* End PBXSourcesBuildPhase section */

/* Begin PBXTargetDependency section */
		5C63E0862E5C0ADE003E81DE /* PBXTargetDependency */ = {
			isa = PBXTargetDependency;
			target = 5C63E0732E5C0ADC003E81DE /* LifeCoach */;
			targetProxy = 5C63E0852E5C0ADE003E81DE /* PBXContainerItemProxy */;
		};
		5C63E0902E5C0ADE003E81DE /* PBXTargetDependency */ = {
			isa = PBXTargetDependency;
			target = 5C63E0732E5C0ADC003E81DE /* LifeCoach */;
			targetProxy = 5C63E08F2E5C0ADE003E81DE /* PBXContainerItemProxy */;
		};
/* End PBXTargetDependency section */

/* Begin XCBuildConfiguration section */
		5C63E0962E5C0ADE003E81DE /* Debug */ = {
			isa = XCBuildConfiguration;
			buildSettings = {
				ALWAYS_SEARCH_USER_PATHS = NO;
				ASSETCATALOG_COMPILER_GENERATE_SWIFT_ASSET_SYMBOL_EXTENSIONS = YES;
				CLANG_ANALYZER_NONNULL = YES;
				CLANG_ANALYZER_NUMBER_OBJECT_CONVERSION = YES_AGGRESSIVE;
				CLANG_CXX_LANGUAGE_STANDARD = "gnu++20";
				CLANG_ENABLE_MODULES = YES;
				CLANG_ENABLE_OBJC_ARC = YES;
				CLANG_ENABLE_OBJC_WEAK = YES;
				CLANG_WARN_BLOCK_CAPTURE_AUTORELEASING = YES;
				CLANG_WARN_BOOL_CONVERSION = YES;
				CLANG_WARN_COMMA = YES;
				CLANG_WARN_CONSTANT_CONVERSION = YES;
				CLANG_WARN_DEPRECATED_OBJC_IMPLEMENTATIONS = YES;
				CLANG_WARN_DIRECT_OBJC_ISA_USAGE = YES_ERROR;
				CLANG_WARN_DOCUMENTATION_COMMENTS = YES;
				CLANG_WARN_EMPTY_BODY = YES;
				CLANG_WARN_ENUM_CONVERSION = YES;
				CLANG_WARN_INFINITE_RECURSION = YES;
				CLANG_WARN_INT_CONVERSION = YES;
				CLANG_WARN_NON_LITERAL_NULL_CONVERSION = YES;
				CLANG_WARN_OBJC_IMPLICIT_RETAIN_SELF = YES;
				CLANG_WARN_OBJC_LITERAL_CONVERSION = YES;
				CLANG_WARN_OBJC_ROOT_CLASS = YES_ERROR;
				CLANG_WARN_QUOTED_INCLUDE_IN_FRAMEWORK_HEADER = YES;
				CLANG_WARN_RANGE_LOOP_ANALYSIS = YES;
				CLANG_WARN_STRICT_PROTOTYPES = YES;
				CLANG_WARN_SUSPICIOUS_MOVE = YES;
				CLANG_WARN_UNGUARDED_AVAILABILITY = YES_AGGRESSIVE;
				CLANG_WARN_UNREACHABLE_CODE = YES;
				CLANG_WARN__DUPLICATE_METHOD_MATCH = YES;
				COPY_PHASE_STRIP = NO;
				DEBUG_INFORMATION_FORMAT = dwarf;
				ENABLE_STRICT_OBJC_MSGSEND = YES;
				ENABLE_TESTABILITY = YES;
				ENABLE_USER_SCRIPT_SANDBOXING = YES;
				GCC_C_LANGUAGE_STANDARD = gnu17;
				GCC_DYNAMIC_NO_PIC = NO;
				GCC_NO_COMMON_BLOCKS = YES;
				GCC_OPTIMIZATION_LEVEL = 0;
				GCC_PREPROCESSOR_DEFINITIONS = (
					"DEBUG=1",
					"$(inherited)",
				);
				GCC_WARN_64_TO_32_BIT_CONVERSION = YES;
				GCC_WARN_ABOUT_RETURN_TYPE = YES_ERROR;
				GCC_WARN_UNDECLARED_SELECTOR = YES;
				GCC_WARN_UNINITIALIZED_AUTOS = YES_AGGRESSIVE;
				GCC_WARN_UNUSED_FUNCTION = YES;
				GCC_WARN_UNUSED_VARIABLE = YES;
				IPHONEOS_DEPLOYMENT_TARGET = 18.2;
				LOCALIZATION_PREFERS_STRING_CATALOGS = YES;
				MTL_ENABLE_DEBUG_INFO = INCLUDE_SOURCE;
				MTL_FAST_MATH = YES;
				ONLY_ACTIVE_ARCH = YES;
				SDKROOT = iphoneos;
				SWIFT_ACTIVE_COMPILATION_CONDITIONS = "DEBUG $(inherited)";
				SWIFT_OPTIMIZATION_LEVEL = "-Onone";
			};
			name = Debug;
		};
		5C63E0972E5C0ADE003E81DE /* Release */ = {
			isa = XCBuildConfiguration;
			buildSettings = {
				ALWAYS_SEARCH_USER_PATHS = NO;
				ASSETCATALOG_COMPILER_GENERATE_SWIFT_ASSET_SYMBOL_EXTENSIONS = YES;
				CLANG_ANALYZER_NONNULL = YES;
				CLANG_ANALYZER_NUMBER_OBJECT_CONVERSION = YES_AGGRESSIVE;
				CLANG_CXX_LANGUAGE_STANDARD = "gnu++20";
				CLANG_ENABLE_MODULES = YES;
				CLANG_ENABLE_OBJC_ARC = YES;
				CLANG_ENABLE_OBJC_WEAK = YES;
				CLANG_WARN_BLOCK_CAPTURE_AUTORELEASING = YES;
				CLANG_WARN_BOOL_CONVERSION = YES;
				CLANG_WARN_COMMA = YES;
				CLANG_WARN_CONSTANT_CONVERSION = YES;
				CLANG_WARN_DEPRECATED_OBJC_IMPLEMENTATIONS = YES;
				CLANG_WARN_DIRECT_OBJC_ISA_USAGE = YES_ERROR;
				CLANG_WARN_DOCUMENTATION_COMMENTS = YES;
				CLANG_WARN_EMPTY_BODY = YES;
				CLANG_WARN_ENUM_CONVERSION = YES;
				CLANG_WARN_INFINITE_RECURSION = YES;
				CLANG_WARN_INT_CONVERSION = YES;
				CLANG_WARN_NON_LITERAL_NULL_CONVERSION = YES;
				CLANG_WARN_OBJC_IMPLICIT_RETAIN_SELF = YES;
				CLANG_WARN_OBJC_LITERAL_CONVERSION = YES;
				CLANG_WARN_OBJC_ROOT_CLASS = YES_ERROR;
				CLANG_WARN_QUOTED_INCLUDE_IN_FRAMEWORK_HEADER = YES;
				CLANG_WARN_RANGE_LOOP_ANALYSIS = YES;
				CLANG_WARN_STRICT_PROTOTYPES = YES;
				CLANG_WARN_SUSPICIOUS_MOVE = YES;
				CLANG_WARN_UNGUARDED_AVAILABILITY = YES_AGGRESSIVE;
				CLANG_WARN_UNREACHABLE_CODE = YES;
				CLANG_WARN__DUPLICATE_METHOD_MATCH = YES;
				COPY_PHASE_STRIP = NO;
				DEBUG_INFORMATION_FORMAT = "dwarf-with-dsym";
				ENABLE_NS_ASSERTIONS = NO;
				ENABLE_STRICT_OBJC_MSGSEND = YES;
				ENABLE_USER_SCRIPT_SANDBOXING = YES;
				GCC_C_LANGUAGE_STANDARD = gnu17;
				GCC_NO_COMMON_BLOCKS = YES;
				GCC_WARN_64_TO_32_BIT_CONVERSION = YES;
				GCC_WARN_ABOUT_RETURN_TYPE = YES_ERROR;
				GCC_WARN_UNDECLARED_SELECTOR = YES;
				GCC_WARN_UNINITIALIZED_AUTOS = YES_AGGRESSIVE;
				GCC_WARN_UNUSED_FUNCTION = YES;
				GCC_WARN_UNUSED_VARIABLE = YES;
				IPHONEOS_DEPLOYMENT_TARGET = 18.2;
				LOCALIZATION_PREFERS_STRING_CATALOGS = YES;
				MTL_ENABLE_DEBUG_INFO = NO;
				MTL_FAST_MATH = YES;
				SDKROOT = iphoneos;
				SWIFT_COMPILATION_MODE = wholemodule;
				VALIDATE_PRODUCT = YES;
			};
			name = Release;
		};
		5C63E0992E5C0ADE003E81DE /* Debug */ = {
			isa = XCBuildConfiguration;
			buildSettings = {
				ASSETCATALOG_COMPILER_APPICON_NAME = AppIcon;
				ASSETCATALOG_COMPILER_GLOBAL_ACCENT_COLOR_NAME = AccentColor;
				CODE_SIGN_IDENTITY = "Apple Development";
				CODE_SIGN_STYLE = Automatic;
				CURRENT_PROJECT_VERSION = 1;
				DEVELOPMENT_ASSET_PATHS = "\"liuyao/Preview Content\"";
				DEVELOPMENT_TEAM = 2YDM3D8P4J;
				ENABLE_PREVIEWS = YES;
				GENERATE_INFOPLIST_FILE = YES;
				INFOPLIST_KEY_CFBundleDisplayName = "人生教练";
				INFOPLIST_KEY_NSLocationWhenInUseUsageDescription = "人生教练需要获取您的位置信息，以便提供基于时空的决策分析参考";
				INFOPLIST_KEY_UIApplicationSceneManifest_Generation = YES;
				INFOPLIST_KEY_UIApplicationSupportsIndirectInputEvents = YES;
				INFOPLIST_KEY_UILaunchScreen_Generation = YES;
				INFOPLIST_KEY_UISupportedInterfaceOrientations_iPad = "UIInterfaceOrientationPortrait UIInterfaceOrientationPortraitUpsideDown UIInterfaceOrientationLandscapeLeft UIInterfaceOrientationLandscapeRight";
				INFOPLIST_KEY_UISupportedInterfaceOrientations_iPhone = "UIInterfaceOrientationPortrait UIInterfaceOrientationLandscapeLeft UIInterfaceOrientationLandscapeRight";
				IPHONEOS_DEPLOYMENT_TARGET = 16;
				LD_RUNPATH_SEARCH_PATHS = (
					"$(inherited)",
					"@executable_path/Frameworks",
				);
				MARKETING_VERSION = 1.2;
				PRODUCT_BUNDLE_IDENTIFIER = "Dream-making.LifeCoach";
				PRODUCT_NAME = "$(TARGET_NAME)";
				PROVISIONING_PROFILE_SPECIFIER = "";
				SWIFT_EMIT_LOC_STRINGS = YES;
				SWIFT_VERSION = 5.0;
				TARGETED_DEVICE_FAMILY = "1,2";
			};
			name = Debug;
		};
		5C63E09A2E5C0ADE003E81DE /* Release */ = {
			isa = XCBuildConfiguration;
			buildSettings = {
				ASSETCATALOG_COMPILER_APPICON_NAME = AppIcon;
				ASSETCATALOG_COMPILER_GLOBAL_ACCENT_COLOR_NAME = AccentColor;
				CODE_SIGN_IDENTITY = "Apple Development";
				CODE_SIGN_STYLE = Automatic;
				CURRENT_PROJECT_VERSION = 1;
				DEVELOPMENT_ASSET_PATHS = "\"liuyao/Preview Content\"";
				DEVELOPMENT_TEAM = 2YDM3D8P4J;
				ENABLE_PREVIEWS = YES;
				GENERATE_INFOPLIST_FILE = YES;
				INFOPLIST_KEY_CFBundleDisplayName = "人生教练";
				INFOPLIST_KEY_NSLocationWhenInUseUsageDescription = "人生教练需要获取您的位置信息，以便提供基于时空的决策分析参考";
				INFOPLIST_KEY_UIApplicationSceneManifest_Generation = YES;
				INFOPLIST_KEY_UIApplicationSupportsIndirectInputEvents = YES;
				INFOPLIST_KEY_UILaunchScreen_Generation = YES;
				INFOPLIST_KEY_UISupportedInterfaceOrientations_iPad = "UIInterfaceOrientationPortrait UIInterfaceOrientationPortraitUpsideDown UIInterfaceOrientationLandscapeLeft UIInterfaceOrientationLandscapeRight";
				INFOPLIST_KEY_UISupportedInterfaceOrientations_iPhone = "UIInterfaceOrientationPortrait UIInterfaceOrientationLandscapeLeft UIInterfaceOrientationLandscapeRight";
				IPHONEOS_DEPLOYMENT_TARGET = 16;
				LD_RUNPATH_SEARCH_PATHS = (
					"$(inherited)",
					"@executable_path/Frameworks",
				);
				MARKETING_VERSION = 1.2;
				PRODUCT_BUNDLE_IDENTIFIER = "Dream-making.LifeCoach";
				PRODUCT_NAME = "$(TARGET_NAME)";
				PROVISIONING_PROFILE_SPECIFIER = "";
				SWIFT_EMIT_LOC_STRINGS = YES;
				SWIFT_VERSION = 5.0;
				TARGETED_DEVICE_FAMILY = "1,2";
			};
			name = Release;
		};
		5C63E09C2E5C0ADE003E81DE /* Debug */ = {
			isa = XCBuildConfiguration;
			buildSettings = {
				BUNDLE_LOADER = "$(TEST_HOST)";
				CODE_SIGN_STYLE = Automatic;
				CURRENT_PROJECT_VERSION = 1;
				DEVELOPMENT_TEAM = 2YDM3D8P4J;
				GENERATE_INFOPLIST_FILE = YES;
				IPHONEOS_DEPLOYMENT_TARGET = 18.2;
				MARKETING_VERSION = 1.0;
				PRODUCT_BUNDLE_IDENTIFIER = "Dream-making.LifeCoach";
				PRODUCT_NAME = "$(TARGET_NAME)";
				SWIFT_EMIT_LOC_STRINGS = NO;
				SWIFT_VERSION = 5.0;
				TARGETED_DEVICE_FAMILY = "1,2";
				TEST_HOST = "$(BUILT_PRODUCTS_DIR)/LifeCoach.app/$(BUNDLE_EXECUTABLE_FOLDER_PATH)/LifeCoach";
			};
			name = Debug;
		};
		5C63E09D2E5C0ADE003E81DE /* Release */ = {
			isa = XCBuildConfiguration;
			buildSettings = {
				BUNDLE_LOADER = "$(TEST_HOST)";
				CODE_SIGN_STYLE = Automatic;
				CURRENT_PROJECT_VERSION = 1;
				DEVELOPMENT_TEAM = 2YDM3D8P4J;
				GENERATE_INFOPLIST_FILE = YES;
				IPHONEOS_DEPLOYMENT_TARGET = 18.2;
				MARKETING_VERSION = 1.0;
				PRODUCT_BUNDLE_IDENTIFIER = "Dream-making.LifeCoach";
				PRODUCT_NAME = "$(TARGET_NAME)";
				SWIFT_EMIT_LOC_STRINGS = NO;
				SWIFT_VERSION = 5.0;
				TARGETED_DEVICE_FAMILY = "1,2";
				TEST_HOST = "$(BUILT_PRODUCTS_DIR)/LifeCoach.app/$(BUNDLE_EXECUTABLE_FOLDER_PATH)/LifeCoach";
			};
			name = Release;
		};
		5C63E09F2E5C0ADE003E81DE /* Debug */ = {
			isa = XCBuildConfiguration;
			buildSettings = {
				CODE_SIGN_STYLE = Automatic;
				CURRENT_PROJECT_VERSION = 1;
				DEVELOPMENT_TEAM = 2YDM3D8P4J;
				GENERATE_INFOPLIST_FILE = YES;
				MARKETING_VERSION = 1.0;
				PRODUCT_BUNDLE_IDENTIFIER = "Dream-making.LifeCoachUITests";
				PRODUCT_NAME = "$(TARGET_NAME)";
				SWIFT_EMIT_LOC_STRINGS = NO;
				SWIFT_VERSION = 5.0;
				TARGETED_DEVICE_FAMILY = "1,2";
				TEST_TARGET_NAME = liuyao;
			};
			name = Debug;
		};
		5C63E0A02E5C0ADE003E81DE /* Release */ = {
			isa = XCBuildConfiguration;
			buildSettings = {
				CODE_SIGN_STYLE = Automatic;
				CURRENT_PROJECT_VERSION = 1;
				DEVELOPMENT_TEAM = 2YDM3D8P4J;
				GENERATE_INFOPLIST_FILE = YES;
				MARKETING_VERSION = 1.0;
				PRODUCT_BUNDLE_IDENTIFIER = "Dream-making.LifeCoachUITests";
				PRODUCT_NAME = "$(TARGET_NAME)";
				SWIFT_EMIT_LOC_STRINGS = NO;
				SWIFT_VERSION = 5.0;
				TARGETED_DEVICE_FAMILY = "1,2";
				TEST_TARGET_NAME = liuyao;
			};
			name = Release;
		};
/* End XCBuildConfiguration section */

/* Begin XCConfigurationList section */
		5C63E06F2E5C0ADC003E81DE /* Build configuration list for PBXProject "人生教练" */ = {
			isa = XCConfigurationList;
			buildConfigurations = (
				5C63E0962E5C0ADE003E81DE /* Debug */,
				5C63E0972E5C0ADE003E81DE /* Release */,
			);
			defaultConfigurationIsVisible = 0;
			defaultConfigurationName = Release;
		};
		5C63E0982E5C0ADE003E81DE /* Build configuration list for PBXNativeTarget "LifeCoach" */ = {
			isa = XCConfigurationList;
			buildConfigurations = (
				5C63E0992E5C0ADE003E81DE /* Debug */,
				5C63E09A2E5C0ADE003E81DE /* Release */,
			);
			defaultConfigurationIsVisible = 0;
			defaultConfigurationName = Release;
		};
		5C63E09B2E5C0ADE003E81DE /* Build configuration list for PBXNativeTarget "LifeCoachTests" */ = {
			isa = XCConfigurationList;
			buildConfigurations = (
				5C63E09C2E5C0ADE003E81DE /* Debug */,
				5C63E09D2E5C0ADE003E81DE /* Release */,
			);
			defaultConfigurationIsVisible = 0;
			defaultConfigurationName = Release;
		};
		5C63E09E2E5C0ADE003E81DE /* Build configuration list for PBXNativeTarget "LifeCoachUITests" */ = {
			isa = XCConfigurationList;
			buildConfigurations = (
				5C63E09F2E5C0ADE003E81DE /* Debug */,
				5C63E0A02E5C0ADE003E81DE /* Release */,
			);
			defaultConfigurationIsVisible = 0;
			defaultConfigurationName = Release;
		};
/* End XCConfigurationList section */
	};
	rootObject = 5C63E06C2E5C0ADC003E81DE /* Project object */;
}
